
Microsoft Visual Studio Solution File, Format Version 12.00
# Visual Studio Version 17
VisualStudioVersion = 17.0.31903.59
MinimumVisualStudioVersion = 10.0.40219.1
Project("{2150E333-8FDC-42A3-9474-1A3956D46DE8}") = "src", "src", "{53EE1DA0-E496-4580-9FB0-A6B2E13420B4}"
EndProject
Project("{FAE04EC0-301F-11D3-BF4B-00C04F79EFBC}") = "McdcTool", "src\McdcTool\McdcTool.csproj", "{E78CECDD-3EC4-4789-BE4E-BA559F8C5696}"
EndProject
Project("{2150E333-8FDC-42A3-9474-1A3956D46DE8}") = "tests", "tests", "{5D37DDDF-2E92-49AD-BD4F-BAE04DB48525}"
EndProject
Project("{FAE04EC0-301F-11D3-BF4B-00C04F79EFBC}") = "McdcTool.Tests", "tests\McdcTool.Tests\McdcTool.Tests.csproj", "{6E17AEBE-2796-4850-A05C-B8156A3EED77}"
EndProject
Project("{FAE04EC0-301F-11D3-BF4B-00C04F79EFBC}") = "McdcTool.Core", "src\McdcTool.Core\McdcTool.Core.csproj", "{76D411DA-D90B-407B-A7D7-33A5D2036AF2}"
EndProject
Project("{FAE04EC0-301F-11D3-BF4B-00C04F79EFBC}") = "McdcTool.Web", "src\McdcTool.Web\McdcTool.Web.csproj", "{206CCA24-6CFC-4181-B8C3-8CA690A2D470}"
EndProject
Global
	GlobalSection(SolutionConfigurationPlatforms) = preSolution
		Debug|Any CPU = Debug|Any CPU
		Release|Any CPU = Release|Any CPU
	EndGlobalSection
	GlobalSection(SolutionProperties) = preSolution
		HideSolutionNode = FALSE
	EndGlobalSection
	GlobalSection(ProjectConfigurationPlatforms) = postSolution
		{E78CECDD-3EC4-4789-BE4E-BA559F8C5696}.Debug|Any CPU.ActiveCfg = Debug|Any CPU
		{E78CECDD-3EC4-4789-BE4E-BA559F8C5696}.Debug|Any CPU.Build.0 = Debug|Any CPU
		{E78CECDD-3EC4-4789-BE4E-BA559F8C5696}.Release|Any CPU.ActiveCfg = Release|Any CPU
		{E78CECDD-3EC4-4789-BE4E-BA559F8C5696}.Release|Any CPU.Build.0 = Release|Any CPU
		{6E17AEBE-2796-4850-A05C-B8156A3EED77}.Debug|Any CPU.ActiveCfg = Debug|Any CPU
		{6E17AEBE-2796-4850-A05C-B8156A3EED77}.Debug|Any CPU.Build.0 = Debug|Any CPU
		{6E17AEBE-2796-4850-A05C-B8156A3EED77}.Release|Any CPU.ActiveCfg = Release|Any CPU
		{6E17AEBE-2796-4850-A05C-B8156A3EED77}.Release|Any CPU.Build.0 = Release|Any CPU
		{76D411DA-D90B-407B-A7D7-33A5D2036AF2}.Debug|Any CPU.ActiveCfg = Debug|Any CPU
		{76D411DA-D90B-407B-A7D7-33A5D2036AF2}.Debug|Any CPU.Build.0 = Debug|Any CPU
		{76D411DA-D90B-407B-A7D7-33A5D2036AF2}.Release|Any CPU.ActiveCfg = Release|Any CPU
		{76D411DA-D90B-407B-A7D7-33A5D2036AF2}.Release|Any CPU.Build.0 = Release|Any CPU
		{206CCA24-6CFC-4181-B8C3-8CA690A2D470}.Debug|Any CPU.ActiveCfg = Debug|Any CPU
		{206CCA24-6CFC-4181-B8C3-8CA690A2D470}.Debug|Any CPU.Build.0 = Debug|Any CPU
		{206CCA24-6CFC-4181-B8C3-8CA690A2D470}.Release|Any CPU.ActiveCfg = Release|Any CPU
		{206CCA24-6CFC-4181-B8C3-8CA690A2D470}.Release|Any CPU.Build.0 = Release|Any CPU
	EndGlobalSection
	GlobalSection(NestedProjects) = preSolution
		{E78CECDD-3EC4-4789-BE4E-BA559F8C5696} = {53EE1DA0-E496-4580-9FB0-A6B2E13420B4}
		{6E17AEBE-2796-4850-A05C-B8156A3EED77} = {5D37DDDF-2E92-49AD-BD4F-BAE04DB48525}
		{76D411DA-D90B-407B-A7D7-33A5D2036AF2} = {53EE1DA0-E496-4580-9FB0-A6B2E13420B4}
		{206CCA24-6CFC-4181-B8C3-8CA690A2D470} = {53EE1DA0-E496-4580-9FB0-A6B2E13420B4}
	EndGlobalSection
EndGlobal
